
Microsoft Visual Studio Solution File, Format Version 12.00
# Visual Studio Version 16
VisualStudioVersion = 16.0.28721.148
MinimumVisualStudioVersion = 10.0.40219.1
Project("{2150E333-8FDC-42A3-9474-1A3956D46DE8}") = "src", "src", "{7DEA85E7-1A8C-4CD8-851C-93DA06876478}"
EndProject
Project("{9A19103F-16F7-4668-BE54-9A1E7A4F7556}") = "Rinsen.IdentityProvider", "src\Rinsen.IdentityProvider\Rinsen.IdentityProvider.csproj", "{3BBBB25B-D0E5-4CC5-883C-7449CE10CFC6}"
EndProject
Project("{9A19103F-16F7-4668-BE54-9A1E7A4F7556}") = "Rinsen.InnovationBoost", "src\Rinsen.InnovationBoost\Rinsen.InnovationBoost.csproj", "{392560C2-D3BA-4F31-95C7-87FE13427C25}"
EndProject
Project("{9A19103F-16F7-4668-BE54-9A1E7A4F7556}") = "Rinsen.Logger", "src\Rinsen.Logger\Rinsen.Logger.csproj", "{3B91405A-959D-4291-A681-BFF647EF664C}"
EndProject
Project("{9A19103F-16F7-4668-BE54-9A1E7A4F7556}") = "Rinsen.Logger.Service", "src\Rinsen.Logger.Service\Rinsen.Logger.Service.csproj", "{E3703329-5592-40E8-B6D5-C23F7CE8C22E}"
EndProject
Project("{9A19103F-16F7-4668-BE54-9A1E7A4F7556}") = "Rinsen.InnovationBoost.Installation", "src\Rinsen.InnovationBoost.Installation\Rinsen.InnovationBoost.Installation.csproj", "{7994390A-D199-4D78-A305-FB42129DC73A}"
EndProject
Project("{9A19103F-16F7-4668-BE54-9A1E7A4F7556}") = "Rinsen.Messaging", "src\Rinsen.Messaging\Rinsen.Messaging.csproj", "{2B8F6027-B862-4B0C-A199-AA461346076F}"
EndProject
Project("{2150E333-8FDC-42A3-9474-1A3956D46DE8}") = "tests", "tests", "{2A179564-1E28-4918-BE16-494C31BFD9F2}"
EndProject
Project("{2150E333-8FDC-42A3-9474-1A3956D46DE8}") = "sample", "sample", "{F783FC19-6629-4B4C-B319-6F52963522BB}"
EndProject
Project("{2150E333-8FDC-42A3-9474-1A3956D46DE8}") = "Solution Items", "Solution Items", "{A713210A-0889-49CE-93B0-A6A825958DD4}"
	ProjectSection(SolutionItems) = preProject
		.editorconfig = .editorconfig
		.gitignore = .gitignore
		LICENSE = LICENSE
		README.md = README.md
		Rinsen.Logger.nuspec = Rinsen.Logger.nuspec
	EndProjectSection
EndProject
Project("{9A19103F-16F7-4668-BE54-9A1E7A4F7556}") = "OpenIdConnectSample", "sample\OpenIdConnectSample\OpenIdConnectSample.csproj", "{25EC882B-26AD-416D-8729-37B0F4998BA8}"
EndProject
Project("{9A19103F-16F7-4668-BE54-9A1E7A4F7556}") = "LoggingSample", "sample\LoggingSample\LoggingSample.csproj", "{043BCD4B-2C52-42F5-9FD3-AF516F059FCF}"
EndProject
Project("{9A19103F-16F7-4668-BE54-9A1E7A4F7556}") = "Rinsen.IdentityProvider.Tests", "test\Rinsen.IdentityProvider.Tests\Rinsen.IdentityProvider.Tests.csproj", "{0703837F-14E2-491A-8EF0-8CFD2703D71F}"
EndProject
Project("{9A19103F-16F7-4668-BE54-9A1E7A4F7556}") = "Rinsen.Outback", "src\Rinsen.Outback\Rinsen.Outback.csproj", "{17AEEB6D-3E92-4CF4-8D05-FEEAFA3AEB35}"
EndProject
Global
	GlobalSection(SolutionConfigurationPlatforms) = preSolution
		Debug|Any CPU = Debug|Any CPU
		Release|Any CPU = Release|Any CPU
	EndGlobalSection
	GlobalSection(ProjectConfigurationPlatforms) = postSolution
		{3BBBB25B-D0E5-4CC5-883C-7449CE10CFC6}.Debug|Any CPU.ActiveCfg = Debug|Any CPU
		{3BBBB25B-D0E5-4CC5-883C-7449CE10CFC6}.Debug|Any CPU.Build.0 = Debug|Any CPU
		{3BBBB25B-D0E5-4CC5-883C-7449CE10CFC6}.Release|Any CPU.ActiveCfg = Release|Any CPU
		{3BBBB25B-D0E5-4CC5-883C-7449CE10CFC6}.Release|Any CPU.Build.0 = Release|Any CPU
		{392560C2-D3BA-4F31-95C7-87FE13427C25}.Debug|Any CPU.ActiveCfg = Debug|Any CPU
		{392560C2-D3BA-4F31-95C7-87FE13427C25}.Debug|Any CPU.Build.0 = Debug|Any CPU
		{392560C2-D3BA-4F31-95C7-87FE13427C25}.Release|Any CPU.ActiveCfg = Release|Any CPU
		{392560C2-D3BA-4F31-95C7-87FE13427C25}.Release|Any CPU.Build.0 = Release|Any CPU
		{3B91405A-959D-4291-A681-BFF647EF664C}.Debug|Any CPU.ActiveCfg = Debug|Any CPU
		{3B91405A-959D-4291-A681-BFF647EF664C}.Debug|Any CPU.Build.0 = Debug|Any CPU
		{3B91405A-959D-4291-A681-BFF647EF664C}.Release|Any CPU.ActiveCfg = Release|Any CPU
		{3B91405A-959D-4291-A681-BFF647EF664C}.Release|Any CPU.Build.0 = Release|Any CPU
		{E3703329-5592-40E8-B6D5-C23F7CE8C22E}.Debug|Any CPU.ActiveCfg = Debug|Any CPU
		{E3703329-5592-40E8-B6D5-C23F7CE8C22E}.Debug|Any CPU.Build.0 = Debug|Any CPU
		{E3703329-5592-40E8-B6D5-C23F7CE8C22E}.Release|Any CPU.ActiveCfg = Release|Any CPU
		{E3703329-5592-40E8-B6D5-C23F7CE8C22E}.Release|Any CPU.Build.0 = Release|Any CPU
		{7994390A-D199-4D78-A305-FB42129DC73A}.Debug|Any CPU.ActiveCfg = Debug|Any CPU
		{7994390A-D199-4D78-A305-FB42129DC73A}.Debug|Any CPU.Build.0 = Debug|Any CPU
		{7994390A-D199-4D78-A305-FB42129DC73A}.Release|Any CPU.ActiveCfg = Release|Any CPU
		{7994390A-D199-4D78-A305-FB42129DC73A}.Release|Any CPU.Build.0 = Release|Any CPU
		{2B8F6027-B862-4B0C-A199-AA461346076F}.Debug|Any CPU.ActiveCfg = Debug|Any CPU
		{2B8F6027-B862-4B0C-A199-AA461346076F}.Debug|Any CPU.Build.0 = Debug|Any CPU
		{2B8F6027-B862-4B0C-A199-AA461346076F}.Release|Any CPU.ActiveCfg = Release|Any CPU
		{2B8F6027-B862-4B0C-A199-AA461346076F}.Release|Any CPU.Build.0 = Release|Any CPU
		{25EC882B-26AD-416D-8729-37B0F4998BA8}.Debug|Any CPU.ActiveCfg = Debug|Any CPU
		{25EC882B-26AD-416D-8729-37B0F4998BA8}.Debug|Any CPU.Build.0 = Debug|Any CPU
		{25EC882B-26AD-416D-8729-37B0F4998BA8}.Release|Any CPU.ActiveCfg = Release|Any CPU
		{25EC882B-26AD-416D-8729-37B0F4998BA8}.Release|Any CPU.Build.0 = Release|Any CPU
		{043BCD4B-2C52-42F5-9FD3-AF516F059FCF}.Debug|Any CPU.ActiveCfg = Debug|Any CPU
		{043BCD4B-2C52-42F5-9FD3-AF516F059FCF}.Debug|Any CPU.Build.0 = Debug|Any CPU
		{043BCD4B-2C52-42F5-9FD3-AF516F059FCF}.Release|Any CPU.ActiveCfg = Release|Any CPU
		{043BCD4B-2C52-42F5-9FD3-AF516F059FCF}.Release|Any CPU.Build.0 = Release|Any CPU
		{0703837F-14E2-491A-8EF0-8CFD2703D71F}.Debug|Any CPU.ActiveCfg = Debug|Any CPU
		{0703837F-14E2-491A-8EF0-8CFD2703D71F}.Debug|Any CPU.Build.0 = Debug|Any CPU
		{0703837F-14E2-491A-8EF0-8CFD2703D71F}.Release|Any CPU.ActiveCfg = Release|Any CPU
		{0703837F-14E2-491A-8EF0-8CFD2703D71F}.Release|Any CPU.Build.0 = Release|Any CPU
		{17AEEB6D-3E92-4CF4-8D05-FEEAFA3AEB35}.Debug|Any CPU.ActiveCfg = Debug|Any CPU
		{17AEEB6D-3E92-4CF4-8D05-FEEAFA3AEB35}.Debug|Any CPU.Build.0 = Debug|Any CPU
		{17AEEB6D-3E92-4CF4-8D05-FEEAFA3AEB35}.Release|Any CPU.ActiveCfg = Release|Any CPU
		{17AEEB6D-3E92-4CF4-8D05-FEEAFA3AEB35}.Release|Any CPU.Build.0 = Release|Any CPU
	EndGlobalSection
	GlobalSection(SolutionProperties) = preSolution
		HideSolutionNode = FALSE
	EndGlobalSection
	GlobalSection(NestedProjects) = preSolution
		{3BBBB25B-D0E5-4CC5-883C-7449CE10CFC6} = {7DEA85E7-1A8C-4CD8-851C-93DA06876478}
		{392560C2-D3BA-4F31-95C7-87FE13427C25} = {7DEA85E7-1A8C-4CD8-851C-93DA06876478}
		{3B91405A-959D-4291-A681-BFF647EF664C} = {7DEA85E7-1A8C-4CD8-851C-93DA06876478}
		{E3703329-5592-40E8-B6D5-C23F7CE8C22E} = {7DEA85E7-1A8C-4CD8-851C-93DA06876478}
		{7994390A-D199-4D78-A305-FB42129DC73A} = {7DEA85E7-1A8C-4CD8-851C-93DA06876478}
		{2B8F6027-B862-4B0C-A199-AA461346076F} = {7DEA85E7-1A8C-4CD8-851C-93DA06876478}
		{25EC882B-26AD-416D-8729-37B0F4998BA8} = {F783FC19-6629-4B4C-B319-6F52963522BB}
		{043BCD4B-2C52-42F5-9FD3-AF516F059FCF} = {F783FC19-6629-4B4C-B319-6F52963522BB}
		{0703837F-14E2-491A-8EF0-8CFD2703D71F} = {2A179564-1E28-4918-BE16-494C31BFD9F2}
		{17AEEB6D-3E92-4CF4-8D05-FEEAFA3AEB35} = {7DEA85E7-1A8C-4CD8-851C-93DA06876478}
	EndGlobalSection
	GlobalSection(ExtensibilityGlobals) = postSolution
		SolutionGuid = {E647C73B-6B19-4B4F-97EC-8D3ECE787B91}
	EndGlobalSection
EndGlobal
